<Solution>
  <Folder Name="/src/">
    <Project Path="src/BankTeller.API/BankTeller.API.csproj" />
    <Project Path="src/BankTeller.Core/BankTeller.Core.csproj" />
    <Project Path="src/BankTeller.CurrencyDisplay/BankTeller.CurrencyDisplay.csproj">
      <Build Solution="Debug|*" Project="false" />
    </Project>
    <Project Path="src/BankTeller.NumberTerminal/BankTeller.NumberTerminal.csproj" />
    <Project Path="src/BankTeller.TellerApp/BankTeller.TellerApp.csproj" />
  </Folder>
  <Folder Name="/tests/">
    <Project Path="tests/BankTeller.API.Tests/BankTeller.API.Tests.csproj" />
    <Project Path="tests/BankTeller.TellerApp.Tests/BankTeller.TellerApp.Tests.csproj" />
  </Folder>
  <Folder Name="/tickets/" />
</Solution>
